Microsoft Visual Studio Solution File, Format Version 12.00
# Visual Studio 14
VisualStudioVersion = 14.0.23107.0
MinimumVisualStudioVersion = 10.0.40219.1
Project("{8BC9CEB8-8B4A-11D0-8D11-00A0C91BC942}") = "libpng", "libpng.vcxproj", "{0008960E-E0DD-41A6-8265-00B31DDB4C21}"
EndProject
Project("{8BC9CEB8-8B4A-11D0-8D11-00A0C91BC942}") = "pngtest", "pngtest.vcxproj", "{FD1C2F86-9EEF-47BD-95A4-530917E17FDA}"
EndProject
Project("{8BC9CEB8-8B4A-11D0-8D11-00A0C91BC942}") = "zlib", "zlib.vcxproj", "{2D4F8105-7D21-454C-9932-B47CAB71A5C0}"
EndProject
Global
	GlobalSection(SolutionConfigurationPlatforms) = preSolution
		DLL ASM Debug|Win32 = DLL ASM Debug|Win32
		DLL ASM Debug|x64 = DLL ASM Debug|x64
		DLL ASM Release|Win32 = DLL ASM Release|Win32
		DLL ASM Release|x64 = DLL ASM Release|x64
		DLL Debug|Win32 = DLL Debug|Win32
		DLL Debug|x64 = DLL Debug|x64
		DLL Release|Win32 = DLL Release|Win32
		DLL Release|x64 = DLL Release|x64
		DLL VB|Win32 = DLL VB|Win32
		DLL VB|x64 = DLL VB|x64
		LIB ASM Debug|Win32 = LIB ASM Debug|Win32
		LIB ASM Debug|x64 = LIB ASM Debug|x64
		LIB ASM Release|Win32 = LIB ASM Release|Win32
		LIB ASM Release|x64 = LIB ASM Release|x64
		LIB Debug|Win32 = LIB Debug|Win32
		LIB Debug|x64 = LIB Debug|x64
		LIB Release|Win32 = LIB Release|Win32
		LIB Release|x64 = LIB Release|x64
	EndGlobalSection
	GlobalSection(ProjectConfigurationPlatforms) = postSolution
		{0008960E-E0DD-41A6-8265-00B31DDB4C21}.DLL ASM Debug|Win32.ActiveCfg = DLL ASM Debug|Win32
		{0008960E-E0DD-41A6-8265-00B31DDB4C21}.DLL ASM Debug|Win32.Build.0 = DLL ASM Debug|Win32
		{0008960E-E0DD-41A6-8265-00B31DDB4C21}.DLL ASM Debug|x64.ActiveCfg = DLL ASM Debug|x64
		{0008960E-E0DD-41A6-8265-00B31DDB4C21}.DLL ASM Debug|x64.Build.0 = DLL ASM Debug|x64
		{0008960E-E0DD-41A6-8265-00B31DDB4C21}.DLL ASM Release|Win32.ActiveCfg = DLL ASM Release|Win32
		{0008960E-E0DD-41A6-8265-00B31DDB4C21}.DLL ASM Release|Win32.Build.0 = DLL ASM Release|Win32
		{0008960E-E0DD-41A6-8265-00B31DDB4C21}.DLL ASM Release|x64.ActiveCfg = DLL ASM Release|x64
		{0008960E-E0DD-41A6-8265-00B31DDB4C21}.DLL ASM Release|x64.Build.0 = DLL ASM Release|x64
		{0008960E-E0DD-41A6-8265-00B31DDB4C21}.DLL Debug|Win32.ActiveCfg = DLL Debug|Win32
		{0008960E-E0DD-41A6-8265-00B31DDB4C21}.DLL Debug|Win32.Build.0 = DLL Debug|Win32
		{0008960E-E0DD-41A6-8265-00B31DDB4C21}.DLL Debug|x64.ActiveCfg = DLL Debug|x64
		{0008960E-E0DD-41A6-8265-00B31DDB4C21}.DLL Debug|x64.Build.0 = DLL Debug|x64
		{0008960E-E0DD-41A6-8265-00B31DDB4C21}.DLL Release|Win32.ActiveCfg = DLL Release|Win32
		{0008960E-E0DD-41A6-8265-00B31DDB4C21}.DLL Release|Win32.Build.0 = DLL Release|Win32
		{0008960E-E0DD-41A6-8265-00B31DDB4C21}.DLL Release|x64.ActiveCfg = DLL Release|x64
		{0008960E-E0DD-41A6-8265-00B31DDB4C21}.DLL Release|x64.Build.0 = DLL Release|x64
		{0008960E-E0DD-41A6-8265-00B31DDB4C21}.DLL VB|Win32.ActiveCfg = DLL VB|Win32
		{0008960E-E0DD-41A6-8265-00B31DDB4C21}.DLL VB|Win32.Build.0 = DLL VB|Win32
		{0008960E-E0DD-41A6-8265-00B31DDB4C21}.DLL VB|x64.ActiveCfg = DLL VB|x64
		{0008960E-E0DD-41A6-8265-00B31DDB4C21}.DLL VB|x64.Build.0 = DLL VB|x64
		{0008960E-E0DD-41A6-8265-00B31DDB4C21}.LIB ASM Debug|Win32.ActiveCfg = LIB ASM Debug|Win32
		{0008960E-E0DD-41A6-8265-00B31DDB4C21}.LIB ASM Debug|Win32.Build.0 = LIB ASM Debug|Win32
		{0008960E-E0DD-41A6-8265-00B31DDB4C21}.LIB ASM Debug|x64.ActiveCfg = LIB ASM Debug|x64
		{0008960E-E0DD-41A6-8265-00B31DDB4C21}.LIB ASM Debug|x64.Build.0 = LIB ASM Debug|x64
		{0008960E-E0DD-41A6-8265-00B31DDB4C21}.LIB ASM Release|Win32.ActiveCfg = LIB ASM Release|Win32
		{0008960E-E0DD-41A6-8265-00B31DDB4C21}.LIB ASM Release|Win32.Build.0 = LIB ASM Release|Win32
		{0008960E-E0DD-41A6-8265-00B31DDB4C21}.LIB ASM Release|x64.ActiveCfg = LIB ASM Release|x64
		{0008960E-E0DD-41A6-8265-00B31DDB4C21}.LIB ASM Release|x64.Build.0 = LIB ASM Release|x64
		{0008960E-E0DD-41A6-8265-00B31DDB4C21}.LIB Debug|Win32.ActiveCfg = LIB Debug|Win32
		{0008960E-E0DD-41A6-8265-00B31DDB4C21}.LIB Debug|Win32.Build.0 = LIB Debug|Win32
		{0008960E-E0DD-41A6-8265-00B31DDB4C21}.LIB Debug|x64.ActiveCfg = LIB Debug|x64
		{0008960E-E0DD-41A6-8265-00B31DDB4C21}.LIB Debug|x64.Build.0 = LIB Debug|x64
		{0008960E-E0DD-41A6-8265-00B31DDB4C21}.LIB Release|Win32.ActiveCfg = LIB Release|Win32
		{0008960E-E0DD-41A6-8265-00B31DDB4C21}.LIB Release|Win32.Build.0 = LIB Release|Win32
		{0008960E-E0DD-41A6-8265-00B31DDB4C21}.LIB Release|x64.ActiveCfg = LIB Release|x64
		{0008960E-E0DD-41A6-8265-00B31DDB4C21}.LIB Release|x64.Build.0 = LIB Release|x64
		{FD1C2F86-9EEF-47BD-95A4-530917E17FDA}.DLL ASM Debug|Win32.ActiveCfg = DLL ASM Debug|Win32
		{FD1C2F86-9EEF-47BD-95A4-530917E17FDA}.DLL ASM Debug|Win32.Build.0 = DLL ASM Debug|Win32
		{FD1C2F86-9EEF-47BD-95A4-530917E17FDA}.DLL ASM Debug|x64.ActiveCfg = DLL ASM Debug|x64
		{FD1C2F86-9EEF-47BD-95A4-530917E17FDA}.DLL ASM Debug|x64.Build.0 = DLL ASM Debug|x64
		{FD1C2F86-9EEF-47BD-95A4-530917E17FDA}.DLL ASM Release|Win32.ActiveCfg = DLL ASM Release|Win32
		{FD1C2F86-9EEF-47BD-95A4-530917E17FDA}.DLL ASM Release|Win32.Build.0 = DLL ASM Release|Win32
		{FD1C2F86-9EEF-47BD-95A4-530917E17FDA}.DLL ASM Release|x64.ActiveCfg = DLL ASM Release|x64
		{FD1C2F86-9EEF-47BD-95A4-530917E17FDA}.DLL ASM Release|x64.Build.0 = DLL ASM Release|x64
		{FD1C2F86-9EEF-47BD-95A4-530917E17FDA}.DLL Debug|Win32.ActiveCfg = DLL Debug|Win32
		{FD1C2F86-9EEF-47BD-95A4-530917E17FDA}.DLL Debug|Win32.Build.0 = DLL Debug|Win32
		{FD1C2F86-9EEF-47BD-95A4-530917E17FDA}.DLL Debug|x64.ActiveCfg = DLL Debug|x64
		{FD1C2F86-9EEF-47BD-95A4-530917E17FDA}.DLL Debug|x64.Build.0 = DLL Debug|x64
		{FD1C2F86-9EEF-47BD-95A4-530917E17FDA}.DLL Release|Win32.ActiveCfg = DLL Release|Win32
		{FD1C2F86-9EEF-47BD-95A4-530917E17FDA}.DLL Release|Win32.Build.0 = DLL Release|Win32
		{FD1C2F86-9EEF-47BD-95A4-530917E17FDA}.DLL Release|x64.ActiveCfg = DLL Release|x64
		{FD1C2F86-9EEF-47BD-95A4-530917E17FDA}.DLL Release|x64.Build.0 = DLL Release|x64
		{FD1C2F86-9EEF-47BD-95A4-530917E17FDA}.DLL VB|Win32.ActiveCfg = DLL VB|Win32
		{FD1C2F86-9EEF-47BD-95A4-530917E17FDA}.DLL VB|Win32.Build.0 = DLL VB|Win32
		{FD1C2F86-9EEF-47BD-95A4-530917E17FDA}.DLL VB|x64.ActiveCfg = DLL VB|x64
		{FD1C2F86-9EEF-47BD-95A4-530917E17FDA}.DLL VB|x64.Build.0 = DLL VB|x64
		{FD1C2F86-9EEF-47BD-95A4-530917E17FDA}.LIB ASM Debug|Win32.ActiveCfg = LIB ASM Debug|Win32
		{FD1C2F86-9EEF-47BD-95A4-530917E17FDA}.LIB ASM Debug|Win32.Build.0 = LIB ASM Debug|Win32
		{FD1C2F86-9EEF-47BD-95A4-530917E17FDA}.LIB ASM Debug|x64.ActiveCfg = LIB ASM Debug|x64
		{FD1C2F86-9EEF-47BD-95A4-530917E17FDA}.LIB ASM Debug|x64.Build.0 = LIB ASM Debug|x64
		{FD1C2F86-9EEF-47BD-95A4-530917E17FDA}.LIB ASM Release|Win32.ActiveCfg = LIB ASM Release|Win32
		{FD1C2F86-9EEF-47BD-95A4-530917E17FDA}.LIB ASM Release|Win32.Build.0 = LIB ASM Release|Win32
		{FD1C2F86-9EEF-47BD-95A4-530917E17FDA}.LIB ASM Release|x64.ActiveCfg = LIB ASM Release|x64
		{FD1C2F86-9EEF-47BD-95A4-530917E17FDA}.LIB ASM Release|x64.Build.0 = LIB ASM Release|x64
		{FD1C2F86-9EEF-47BD-95A4-530917E17FDA}.LIB Debug|Win32.ActiveCfg = LIB Debug|Win32
		{FD1C2F86-9EEF-47BD-95A4-530917E17FDA}.LIB Debug|Win32.Build.0 = LIB Debug|Win32
		{FD1C2F86-9EEF-47BD-95A4-530917E17FDA}.LIB Debug|x64.ActiveCfg = LIB Debug|x64
		{FD1C2F86-9EEF-47BD-95A4-530917E17FDA}.LIB Debug|x64.Build.0 = LIB Debug|x64
		{FD1C2F86-9EEF-47BD-95A4-530917E17FDA}.LIB Release|Win32.ActiveCfg = LIB Release|Win32
		{FD1C2F86-9EEF-47BD-95A4-530917E17FDA}.LIB Release|Win32.Build.0 = LIB Release|Win32
		{FD1C2F86-9EEF-47BD-95A4-530917E17FDA}.LIB Release|x64.ActiveCfg = LIB Release|x64
		{FD1C2F86-9EEF-47BD-95A4-530917E17FDA}.LIB Release|x64.Build.0 = LIB Release|x64
		{2D4F8105-7D21-454C-9932-B47CAB71A5C0}.DLL ASM Debug|Win32.ActiveCfg = DLL ASM Debug|Win32
		{2D4F8105-7D21-454C-9932-B47CAB71A5C0}.DLL ASM Debug|Win32.Build.0 = DLL ASM Debug|Win32
		{2D4F8105-7D21-454C-9932-B47CAB71A5C0}.DLL ASM Debug|x64.ActiveCfg = DLL ASM Debug|x64
		{2D4F8105-7D21-454C-9932-B47CAB71A5C0}.DLL ASM Debug|x64.Build.0 = DLL ASM Debug|x64
		{2D4F8105-7D21-454C-9932-B47CAB71A5C0}.DLL ASM Release|Win32.ActiveCfg = DLL ASM Release|Win32
		{2D4F8105-7D21-454C-9932-B47CAB71A5C0}.DLL ASM Release|Win32.Build.0 = DLL ASM Release|Win32
		{2D4F8105-7D21-454C-9932-B47CAB71A5C0}.DLL ASM Release|x64.ActiveCfg = DLL ASM Release|x64
		{2D4F8105-7D21-454C-9932-B47CAB71A5C0}.DLL ASM Release|x64.Build.0 = DLL ASM Release|x64
		{2D4F8105-7D21-454C-9932-B47CAB71A5C0}.DLL Debug|Win32.ActiveCfg = DLL Debug|Win32
		{2D4F8105-7D21-454C-9932-B47CAB71A5C0}.DLL Debug|Win32.Build.0 = DLL Debug|Win32
		{2D4F8105-7D21-454C-9932-B47CAB71A5C0}.DLL Debug|x64.ActiveCfg = DLL Debug|x64
		{2D4F8105-7D21-454C-9932-B47CAB71A5C0}.DLL Debug|x64.Build.0 = DLL Debug|x64
		{2D4F8105-7D21-454C-9932-B47CAB71A5C0}.DLL Release|Win32.ActiveCfg = DLL Release|Win32
		{2D4F8105-7D21-454C-9932-B47CAB71A5C0}.DLL Release|Win32.Build.0 = DLL Release|Win32
		{2D4F8105-7D21-454C-9932-B47CAB71A5C0}.DLL Release|x64.ActiveCfg = DLL Release|x64
		{2D4F8105-7D21-454C-9932-B47CAB71A5C0}.DLL Release|x64.Build.0 = DLL Release|x64
		{2D4F8105-7D21-454C-9932-B47CAB71A5C0}.DLL VB|Win32.ActiveCfg = DLL Release|Win32
		{2D4F8105-7D21-454C-9932-B47CAB71A5C0}.DLL VB|Win32.Build.0 = DLL Release|Win32
		{2D4F8105-7D21-454C-9932-B47CAB71A5C0}.DLL VB|x64.ActiveCfg = DLL ASM Debug|x64
		{2D4F8105-7D21-454C-9932-B47CAB71A5C0}.DLL VB|x64.Build.0 = DLL ASM Debug|x64
		{2D4F8105-7D21-454C-9932-B47CAB71A5C0}.LIB ASM Debug|Win32.ActiveCfg = LIB ASM Debug|Win32
		{2D4F8105-7D21-454C-9932-B47CAB71A5C0}.LIB ASM Debug|Win32.Build.0 = LIB ASM Debug|Win32
		{2D4F8105-7D21-454C-9932-B47CAB71A5C0}.LIB ASM Debug|x64.ActiveCfg = LIB ASM Debug|x64
		{2D4F8105-7D21-454C-9932-B47CAB71A5C0}.LIB ASM Debug|x64.Build.0 = LIB ASM Debug|x64
		{2D4F8105-7D21-454C-9932-B47CAB71A5C0}.LIB ASM Release|Win32.ActiveCfg = LIB ASM Release|Win32
		{2D4F8105-7D21-454C-9932-B47CAB71A5C0}.LIB ASM Release|Win32.Build.0 = LIB ASM Release|Win32
		{2D4F8105-7D21-454C-9932-B47CAB71A5C0}.LIB ASM Release|x64.ActiveCfg = LIB ASM Release|x64
		{2D4F8105-7D21-454C-9932-B47CAB71A5C0}.LIB ASM Release|x64.Build.0 = LIB ASM Release|x64
		{2D4F8105-7D21-454C-9932-B47CAB71A5C0}.LIB Debug|Win32.ActiveCfg = LIB Debug|Win32
		{2D4F8105-7D21-454C-9932-B47CAB71A5C0}.LIB Debug|Win32.Build.0 = LIB Debug|Win32
		{2D4F8105-7D21-454C-9932-B47CAB71A5C0}.LIB Debug|x64.ActiveCfg = LIB Debug|x64
		{2D4F8105-7D21-454C-9932-B47CAB71A5C0}.LIB Debug|x64.Build.0 = LIB Debug|x64
		{2D4F8105-7D21-454C-9932-B47CAB71A5C0}.LIB Release|Win32.ActiveCfg = LIB Release|Win32
		{2D4F8105-7D21-454C-9932-B47CAB71A5C0}.LIB Release|Win32.Build.0 = LIB Release|Win32
		{2D4F8105-7D21-454C-9932-B47CAB71A5C0}.LIB Release|x64.ActiveCfg = LIB Release|x64
		{2D4F8105-7D21-454C-9932-B47CAB71A5C0}.LIB Release|x64.Build.0 = LIB Release|x64
	EndGlobalSection
	GlobalSection(SolutionProperties) = preSolution
		HideSolutionNode = FALSE
	EndGlobalSection
EndGlobal
